
Microsoft Visual Studio Solution File, Format Version 12.00
# Visual Studio 15
VisualStudioVersion = 15.0.26124.0
MinimumVisualStudioVersion = 15.0.26124.0
Project("{FAE04EC0-301F-11D3-BF4B-00C04F79EFBC}") = "Domain", "Domain\Domain.csproj", "{00CBE592-6D43-4946-B623-F851C310E871}"
EndProject
Project("{FAE04EC0-301F-11D3-BF4B-00C04F79EFBC}") = "Application", "Application\Application.csproj", "{A644A3DD-200D-4821-9E62-1FC56608F55F}"
EndProject
Project("{FAE04EC0-301F-11D3-BF4B-00C04F79EFBC}") = "Persistence", "Persistence\Persistence.csproj", "{A364CCC9-7B0B-43A4-8979-4609A6FA77CA}"
EndProject
Project("{FAE04EC0-301F-11D3-BF4B-00C04F79EFBC}") = "API", "API\API.csproj", "{34E5FB87-7C75-4AD7-9BA3-F6700F19400B}"
EndProject
Global
	GlobalSection(SolutionConfigurationPlatforms) = preSolution
		Debug|Any CPU = Debug|Any CPU
		Debug|x64 = Debug|x64
		Debug|x86 = Debug|x86
		Release|Any CPU = Release|Any CPU
		Release|x64 = Release|x64
		Release|x86 = Release|x86
	EndGlobalSection
	GlobalSection(SolutionProperties) = preSolution
		HideSolutionNode = FALSE
	EndGlobalSection
	GlobalSection(ProjectConfigurationPlatforms) = postSolution
		{00CBE592-6D43-4946-B623-F851C310E871}.Debug|Any CPU.ActiveCfg = Debug|Any CPU
		{00CBE592-6D43-4946-B623-F851C310E871}.Debug|Any CPU.Build.0 = Debug|Any CPU
		{00CBE592-6D43-4946-B623-F851C310E871}.Debug|x64.ActiveCfg = Debug|Any CPU
		{00CBE592-6D43-4946-B623-F851C310E871}.Debug|x64.Build.0 = Debug|Any CPU
		{00CBE592-6D43-4946-B623-F851C310E871}.Debug|x86.ActiveCfg = Debug|Any CPU
		{00CBE592-6D43-4946-B623-F851C310E871}.Debug|x86.Build.0 = Debug|Any CPU
		{00CBE592-6D43-4946-B623-F851C310E871}.Release|Any CPU.ActiveCfg = Release|Any CPU
		{00CBE592-6D43-4946-B623-F851C310E871}.Release|Any CPU.Build.0 = Release|Any CPU
		{00CBE592-6D43-4946-B623-F851C310E871}.Release|x64.ActiveCfg = Release|Any CPU
		{00CBE592-6D43-4946-B623-F851C310E871}.Release|x64.Build.0 = Release|Any CPU
		{00CBE592-6D43-4946-B623-F851C310E871}.Release|x86.ActiveCfg = Release|Any CPU
		{00CBE592-6D43-4946-B623-F851C310E871}.Release|x86.Build.0 = Release|Any CPU
		{A644A3DD-200D-4821-9E62-1FC56608F55F}.Debug|Any CPU.ActiveCfg = Debug|Any CPU
		{A644A3DD-200D-4821-9E62-1FC56608F55F}.Debug|Any CPU.Build.0 = Debug|Any CPU
		{A644A3DD-200D-4821-9E62-1FC56608F55F}.Debug|x64.ActiveCfg = Debug|Any CPU
		{A644A3DD-200D-4821-9E62-1FC56608F55F}.Debug|x64.Build.0 = Debug|Any CPU
		{A644A3DD-200D-4821-9E62-1FC56608F55F}.Debug|x86.ActiveCfg = Debug|Any CPU
		{A644A3DD-200D-4821-9E62-1FC56608F55F}.Debug|x86.Build.0 = Debug|Any CPU
		{A644A3DD-200D-4821-9E62-1FC56608F55F}.Release|Any CPU.ActiveCfg = Release|Any CPU
		{A644A3DD-200D-4821-9E62-1FC56608F55F}.Release|Any CPU.Build.0 = Release|Any CPU
		{A644A3DD-200D-4821-9E62-1FC56608F55F}.Release|x64.ActiveCfg = Release|Any CPU
		{A644A3DD-200D-4821-9E62-1FC56608F55F}.Release|x64.Build.0 = Release|Any CPU
		{A644A3DD-200D-4821-9E62-1FC56608F55F}.Release|x86.ActiveCfg = Release|Any CPU
		{A644A3DD-200D-4821-9E62-1FC56608F55F}.Release|x86.Build.0 = Release|Any CPU
		{A364CCC9-7B0B-43A4-8979-4609A6FA77CA}.Debug|Any CPU.ActiveCfg = Debug|Any CPU
		{A364CCC9-7B0B-43A4-8979-4609A6FA77CA}.Debug|Any CPU.Build.0 = Debug|Any CPU
		{A364CCC9-7B0B-43A4-8979-4609A6FA77CA}.Debug|x64.ActiveCfg = Debug|Any CPU
		{A364CCC9-7B0B-43A4-8979-4609A6FA77CA}.Debug|x64.Build.0 = Debug|Any CPU
		{A364CCC9-7B0B-43A4-8979-4609A6FA77CA}.Debug|x86.ActiveCfg = Debug|Any CPU
		{A364CCC9-7B0B-43A4-8979-4609A6FA77CA}.Debug|x86.Build.0 = Debug|Any CPU
		{A364CCC9-7B0B-43A4-8979-4609A6FA77CA}.Release|Any CPU.ActiveCfg = Release|Any CPU
		{A364CCC9-7B0B-43A4-8979-4609A6FA77CA}.Release|Any CPU.Build.0 = Release|Any CPU
		{A364CCC9-7B0B-43A4-8979-4609A6FA77CA}.Release|x64.ActiveCfg = Release|Any CPU
		{A364CCC9-7B0B-43A4-8979-4609A6FA77CA}.Release|x64.Build.0 = Release|Any CPU
		{A364CCC9-7B0B-43A4-8979-4609A6FA77CA}.Release|x86.ActiveCfg = Release|Any CPU
		{A364CCC9-7B0B-43A4-8979-4609A6FA77CA}.Release|x86.Build.0 = Release|Any CPU
		{34E5FB87-7C75-4AD7-9BA3-F6700F19400B}.Debug|Any CPU.ActiveCfg = Debug|Any CPU
		{34E5FB87-7C75-4AD7-9BA3-F6700F19400B}.Debug|Any CPU.Build.0 = Debug|Any CPU
		{34E5FB87-7C75-4AD7-9BA3-F6700F19400B}.Debug|x64.ActiveCfg = Debug|Any CPU
		{34E5FB87-7C75-4AD7-9BA3-F6700F19400B}.Debug|x64.Build.0 = Debug|Any CPU
		{34E5FB87-7C75-4AD7-9BA3-F6700F19400B}.Debug|x86.ActiveCfg = Debug|Any CPU
		{34E5FB87-7C75-4AD7-9BA3-F6700F19400B}.Debug|x86.Build.0 = Debug|Any CPU
		{34E5FB87-7C75-4AD7-9BA3-F6700F19400B}.Release|Any CPU.ActiveCfg = Release|Any CPU
		{34E5FB87-7C75-4AD7-9BA3-F6700F19400B}.Release|Any CPU.Build.0 = Release|Any CPU
		{34E5FB87-7C75-4AD7-9BA3-F6700F19400B}.Release|x64.ActiveCfg = Release|Any CPU
		{34E5FB87-7C75-4AD7-9BA3-F6700F19400B}.Release|x64.Build.0 = Release|Any CPU
		{34E5FB87-7C75-4AD7-9BA3-F6700F19400B}.Release|x86.ActiveCfg = Release|Any CPU
		{34E5FB87-7C75-4AD7-9BA3-F6700F19400B}.Release|x86.Build.0 = Release|Any CPU
	EndGlobalSection
EndGlobal
